
Microsoft Visual Studio Solution File, Format Version 12.00
# Visual Studio 15
VisualStudioVersion = 15.0.28307.757
MinimumVisualStudioVersion = 10.0.40219.1
Project("{FAE04EC0-301F-11D3-BF4B-00C04F79EFBC}") = "what_is_class", "what_is_class\what_is_class.csproj", "{5A70DE04-4AF5-4D94-8782-A9141CE0FF9B}"
EndProject
Global
	GlobalSection(SolutionConfigurationPlatforms) = preSolution
		Debug|Any CPU = Debug|Any CPU
		Release|Any CPU = Release|Any CPU
	EndGlobalSection
	GlobalSection(ProjectConfigurationPlatforms) = postSolution
		{5A70DE04-4AF5-4D94-8782-A9141CE0FF9B}.Debug|Any CPU.ActiveCfg = Debug|Any CPU
		{5A70DE04-4AF5-4D94-8782-A9141CE0FF9B}.Debug|Any CPU.Build.0 = Debug|Any CPU
		{5A70DE04-4AF5-4D94-8782-A9141CE0FF9B}.Release|Any CPU.ActiveCfg = Release|Any CPU
		{5A70DE04-4AF5-4D94-8782-A9141CE0FF9B}.Release|Any CPU.Build.0 = Release|Any CPU
	EndGlobalSection
	GlobalSection(SolutionProperties) = preSolution
		HideSolutionNode = FALSE
	EndGlobalSection
	GlobalSection(ExtensibilityGlobals) = postSolution
		SolutionGuid = {A2985677-7A66-44D3-81AA-B417E492B457}
	EndGlobalSection
EndGlobal
